// !$*UTF8*$!
{
	archiveVersion = 1;
	classes = {
	};
	objectVersion = 50;
	objects = {

/* Begin PBXBuildFile section */
		CABA5109E1C197CBDA7BC860 /* Pods_Crypto_T.framework in Frameworks */ = {isa = PBXBuildFile; fileRef = 88279398B42EB9E253645E3E /* Pods_Crypto_T.framework */; };
		D0792C5325E5234A00E5102C /* CryptoTApp.swift in Sources */ = {isa = PBXBuildFile; fileRef = D0792C5225E5234A00E5102C /* CryptoTApp.swift */; };
		D0792C5525E5234A00E5102C /* ContentView.swift in Sources */ = {isa = PBXBuildFile; fileRef = D0792C5425E5234A00E5102C /* ContentView.swift */; };
		D0792C5725E5234B00E5102C /* Assets.xcassets in Resources */ = {isa = PBXBuildFile; fileRef = D0792C5625E5234B00E5102C /* Assets.xcassets */; };
		D0792C5A25E5234B00E5102C /* Preview Assets.xcassets in Resources */ = {isa = PBXBuildFile; fileRef = D0792C5925E5234B00E5102C /* Preview Assets.xcassets */; };
/* End PBXBuildFile section */

/* Begin PBXFileReference section */
		35BC58E3D493C238B5D539C0 /* Pods-Crypto-T.release.xcconfig */ = {isa = PBXFileReference; includeInIndex = 1; lastKnownFileType = text.xcconfig; name = "Pods-Crypto-T.release.xcconfig"; path = "Target Support Files/Pods-Crypto-T/Pods-Crypto-T.release.xcconfig"; sourceTree = "<group>"; };
		4E1D6874315813DC65A94ACC /* Pods-Crypto-T.debug.xcconfig */ = {isa = PBXFileReference; includeInIndex = 1; lastKnownFileType = text.xcconfig; name = "Pods-Crypto-T.debug.xcconfig"; path = "Target Support Files/Pods-Crypto-T/Pods-Crypto-T.debug.xcconfig"; sourceTree = "<group>"; };
		88279398B42EB9E253645E3E /* Pods_Crypto_T.framework */ = {isa = PBXFileReference; explicitFileType = wrapper.framework; includeInIndex = 0; path = Pods_Crypto_T.framework; sourceTree = BUILT_PRODUCTS_DIR; };
		D0792C4F25E5234A00E5102C /* Crypto-T.app */ = {isa = PBXFileReference; explicitFileType = wrapper.application; includeInIndex = 0; path = "Crypto-T.app"; sourceTree = BUILT_PRODUCTS_DIR; };
		D0792C5225E5234A00E5102C /* CryptoTApp.swift */ = {isa = PBXFileReference; lastKnownFileType = sourcecode.swift; path = CryptoTApp.swift; sourceTree = "<group>"; };
		D0792C5425E5234A00E5102C /* ContentView.swift */ = {isa = PBXFileReference; lastKnownFileType = sourcecode.swift; path = ContentView.swift; sourceTree = "<group>"; };
		D0792C5625E5234B00E5102C /* Assets.xcassets */ = {isa = PBXFileReference; lastKnownFileType = folder.assetcatalog; path = Assets.xcassets; sourceTree = "<group>"; };
		D0792C5925E5234B00E5102C /* Preview Assets.xcassets */ = {isa = PBXFileReference; lastKnownFileType = folder.assetcatalog; path = "Preview Assets.xcassets"; sourceTree = "<group>"; };
		D0792C5B25E5234B00E5102C /* Info.plist */ = {isa = PBXFileReference; lastKnownFileType = text.plist.xml; path = Info.plist; sourceTree = "<group>"; };
/* End PBXFileReference section */

/* Begin PBXFrameworksBuildPhase section */
		D0792C4C25E5234A00E5102C /* Frameworks */ = {
			isa = PBXFrameworksBuildPhase;
			buildActionMask = 2147483647;
			files = (
				CABA5109E1C197CBDA7BC860 /* Pods_Crypto_T.framework in Frameworks */,
			);
			runOnlyForDeploymentPostprocessing = 0;
		};
/* End PBXFrameworksBuildPhase section */

/* Begin PBXGroup section */
		16B0F3772BA96B86043A8C43 /* Pods */ = {
			isa = PBXGroup;
			children = (
				4E1D6874315813DC65A94ACC /* Pods-Crypto-T.debug.xcconfig */,
				35BC58E3D493C238B5D539C0 /* Pods-Crypto-T.release.xcconfig */,
			);
			name = Pods;
			path = Pods;
			sourceTree = "<group>";
		};
		BEB40740FB1A060260D51917 /* Frameworks */ = {
			isa = PBXGroup;
			children = (
				88279398B42EB9E253645E3E /* Pods_Crypto_T.framework */,
			);
			name = Frameworks;
			sourceTree = "<group>";
		};
		D0792C4625E5234A00E5102C = {
			isa = PBXGroup;
			children = (
				D0792C5125E5234A00E5102C /* Crypto-T */,
				D0792C5025E5234A00E5102C /* Products */,
				16B0F3772BA96B86043A8C43 /* Pods */,
				BEB40740FB1A060260D51917 /* Frameworks */,
			);
			sourceTree = "<group>";
		};
		D0792C5025E5234A00E5102C /* Products */ = {
			isa = PBXGroup;
			children = (
				D0792C4F25E5234A00E5102C /* Crypto-T.app */,
			);
			name = Products;
			sourceTree = "<group>";
		};
		D0792C5125E5234A00E5102C /* Crypto-T */ = {
			isa = PBXGroup;
			children = (
				D0F9871725E528480094BBB2 /* models */,
				D0F9871825E528510094BBB2 /* views */,
				D0792C5225E5234A00E5102C /* CryptoTApp.swift */,
				D0792C5625E5234B00E5102C /* Assets.xcassets */,
				D0792C5B25E5234B00E5102C /* Info.plist */,
				D0792C5825E5234B00E5102C /* Preview Content */,
			);
			path = "Crypto-T";
			sourceTree = "<group>";
		};
		D0792C5825E5234B00E5102C /* Preview Content */ = {
			isa = PBXGroup;
			children = (
				D0792C5925E5234B00E5102C /* Preview Assets.xcassets */,
			);
			path = "Preview Content";
			sourceTree = "<group>";
		};
		D0F9871725E528480094BBB2 /* models */ = {
			isa = PBXGroup;
			children = (
			);
			path = models;
			sourceTree = "<group>";
		};
		D0F9871825E528510094BBB2 /* views */ = {
			isa = PBXGroup;
			children = (
				D0792C5425E5234A00E5102C /* ContentView.swift */,
			);
			path = views;
			sourceTree = "<group>";
		};
/* End PBXGroup section */

/* Begin PBXNativeTarget section */
		D0792C4E25E5234A00E5102C /* Crypto-T */ = {
			isa = PBXNativeTarget;
			buildConfigurationList = D0792C5E25E5234B00E5102C /* Build configuration list for PBXNativeTarget "Crypto-T" */;
			buildPhases = (
				96C950FB5407F08B54A96C55 /* [CP] Check Pods Manifest.lock */,
				D0792C4B25E5234A00E5102C /* Sources */,
				D0792C4C25E5234A00E5102C /* Frameworks */,
				D0792C4D25E5234A00E5102C /* Resources */,
			);
			buildRules = (
			);
			dependencies = (
			);
			name = "Crypto-T";
			productName = "Crypto-T";
			productReference = D0792C4F25E5234A00E5102C /* Crypto-T.app */;
			productType = "com.apple.product-type.application";
		};
/* End PBXNativeTarget section */

/* Begin PBXProject section */
		D0792C4725E5234A00E5102C /* Project object */ = {
			isa = PBXProject;
			attributes = {
				LastSwiftUpdateCheck = 1240;
				LastUpgradeCheck = 1240;
				TargetAttributes = {
					D0792C4E25E5234A00E5102C = {
						CreatedOnToolsVersion = 12.4;
					};
				};
			};
			buildConfigurationList = D0792C4A25E5234A00E5102C /* Build configuration list for PBXProject "Crypto-T" */;
			compatibilityVersion = "Xcode 9.3";
			developmentRegion = en;
			hasScannedForEncodings = 0;
			knownRegions = (
				en,
				Base,
			);
			mainGroup = D0792C4625E5234A00E5102C;
			productRefGroup = D0792C5025E5234A00E5102C /* Products */;
			projectDirPath = "";
			projectRoot = "";
			targets = (
				D0792C4E25E5234A00E5102C /* Crypto-T */,
			);
		};
/* End PBXProject section */

/* Begin PBXResourcesBuildPhase section */
		D0792C4D25E5234A00E5102C /* Resources */ = {
			isa = PBXResourcesBuildPhase;
			buildActionMask = 2147483647;
			files = (
				D0792C5A25E5234B00E5102C /* Preview Assets.xcassets in Resources */,
				D0792C5725E5234B00E5102C /* Assets.xcassets in Resources */,
			);
			runOnlyForDeploymentPostprocessing = 0;
		};
/* End PBXResourcesBuildPhase section */

/* Begin PBXShellScriptBuildPhase section */
		96C950FB5407F08B54A96C55 /* [CP] Check Pods Manifest.lock */ = {
			isa = PBXShellScriptBuildPhase;
			buildActionMask = 2147483647;
			files = (
			);
			inputFileListPaths = (
			);
			inputPaths = (
				"${PODS_PODFILE_DIR_PATH}/Podfile.lock",
				"${PODS_ROOT}/Manifest.lock",
			);
			name = "[CP] Check Pods Manifest.lock";
			outputFileListPaths = (
			);
			outputPaths = (
				"$(DERIVED_FILE_DIR)/Pods-Crypto-T-checkManifestLockResult.txt",
			);
			runOnlyForDeploymentPostprocessing = 0;
			shellPath = /bin/sh;
			shellScript = "diff \"${PODS_PODFILE_DIR_PATH}/Podfile.lock\" \"${PODS_ROOT}/Manifest.lock\" > /dev/null\nif [ $? != 0 ] ; then\n    # print error to STDERR\n    echo \"error: The sandbox is not in sync with the Podfile.lock. Run 'pod install' or update your CocoaPods installation.\" >&2\n    exit 1\nfi\n# This output is used by Xcode 'outputs' to avoid re-running this script phase.\necho \"SUCCESS\" > \"${SCRIPT_OUTPUT_FILE_0}\"\n";
			showEnvVarsInLog = 0;
		};
/* End PBXShellScriptBuildPhase section */

/* Begin PBXSourcesBuildPhase section */
		D0792C4B25E5234A00E5102C /* Sources */ = {
			isa = PBXSourcesBuildPhase;
			buildActionMask = 2147483647;
			files = (
				D0792C5525E5234A00E5102C /* ContentView.swift in Sources */,
				D0792C5325E5234A00E5102C /* CryptoTApp.swift in Sources */,
			);
			runOnlyForDeploymentPostprocessing = 0;
		};
/* End PBXSourcesBuildPhase section */

/* Begin XCBuildConfiguration section */
		D0792C5C25E5234B00E5102C /* Debug */ = {
			isa = XCBuildConfiguration;
			buildSettings = {
				ALWAYS_SEARCH_USER_PATHS = NO;
				CLANG_ANALYZER_NONNULL = YES;
				CLANG_ANALYZER_NUMBER_OBJECT_CONVERSION = YES_AGGRESSIVE;
				CLANG_CXX_LANGUAGE_STANDARD = "gnu++14";
				CLANG_CXX_LIBRARY = "libc++";
				CLANG_ENABLE_MODULES = YES;
				CLANG_ENABLE_OBJC_ARC = YES;
				CLANG_ENABLE_OBJC_WEAK = YES;
				CLANG_WARN_BLOCK_CAPTURE_AUTORELEASING = YES;
				CLANG_WARN_BOOL_CONVERSION = YES;
				CLANG_WARN_COMMA = YES;
				CLANG_WARN_CONSTANT_CONVERSION = YES;
				CLANG_WARN_DEPRECATED_OBJC_IMPLEMENTATIONS = YES;
				CLANG_WARN_DIRECT_OBJC_ISA_USAGE = YES_ERROR;
				CLANG_WARN_DOCUMENTATION_COMMENTS = YES;
				CLANG_WARN_EMPTY_BODY = YES;
				CLANG_WARN_ENUM_CONVERSION = YES;
				CLANG_WARN_INFINITE_RECURSION = YES;
				CLANG_WARN_INT_CONVERSION = YES;
				CLANG_WARN_NON_LITERAL_NULL_CONVERSION = YES;
				CLANG_WARN_OBJC_IMPLICIT_RETAIN_SELF = YES;
				CLANG_WARN_OBJC_LITERAL_CONVERSION = YES;
				CLANG_WARN_OBJC_ROOT_CLASS = YES_ERROR;
				CLANG_WARN_QUOTED_INCLUDE_IN_FRAMEWORK_HEADER = YES;
				CLANG_WARN_RANGE_LOOP_ANALYSIS = YES;
				CLANG_WARN_STRICT_PROTOTYPES = YES;
				CLANG_WARN_SUSPICIOUS_MOVE = YES;
				CLANG_WARN_UNGUARDED_AVAILABILITY = YES_AGGRESSIVE;
				CLANG_WARN_UNREACHABLE_CODE = YES;
				CLANG_WARN__DUPLICATE_METHOD_MATCH = YES;
				COPY_PHASE_STRIP = NO;
				DEBUG_INFORMATION_FORMAT = dwarf;
				ENABLE_STRICT_OBJC_MSGSEND = YES;
				ENABLE_TESTABILITY = YES;
				GCC_C_LANGUAGE_STANDARD = gnu11;
				GCC_DYNAMIC_NO_PIC = NO;
				GCC_NO_COMMON_BLOCKS = YES;
				GCC_OPTIMIZATION_LEVEL = 0;
				GCC_PREPROCESSOR_DEFINITIONS = (
					"DEBUG=1",
					"$(inherited)",
				);
				GCC_WARN_64_TO_32_BIT_CONVERSION = YES;
				GCC_WARN_ABOUT_RETURN_TYPE = YES_ERROR;
				GCC_WARN_UNDECLARED_SELECTOR = YES;
				GCC_WARN_UNINITIALIZED_AUTOS = YES_AGGRESSIVE;
				GCC_WARN_UNUSED_FUNCTION = YES;
				GCC_WARN_UNUSED_VARIABLE = YES;
				IPHONEOS_DEPLOYMENT_TARGET = 14.4;
				MTL_ENABLE_DEBUG_INFO = INCLUDE_SOURCE;
				MTL_FAST_MATH = YES;
				ONLY_ACTIVE_ARCH = YES;
				SDKROOT = iphoneos;
				SWIFT_ACTIVE_COMPILATION_CONDITIONS = DEBUG;
				SWIFT_OPTIMIZATION_LEVEL = "-Onone";
			};
			name = Debug;
		};
		D0792C5D25E5234B00E5102C /* Release */ = {
			isa = XCBuildConfiguration;
			buildSettings = {
				ALWAYS_SEARCH_USER_PATHS = NO;
				CLANG_ANALYZER_NONNULL = YES;
				CLANG_ANALYZER_NUMBER_OBJECT_CONVERSION = YES_AGGRESSIVE;
				CLANG_CXX_LANGUAGE_STANDARD = "gnu++14";
				CLANG_CXX_LIBRARY = "libc++";
				CLANG_ENABLE_MODULES = YES;
				CLANG_ENABLE_OBJC_ARC = YES;
				CLANG_ENABLE_OBJC_WEAK = YES;
				CLANG_WARN_BLOCK_CAPTURE_AUTORELEASING = YES;
				CLANG_WARN_BOOL_CONVERSION = YES;
				CLANG_WARN_COMMA = YES;
				CLANG_WARN_CONSTANT_CONVERSION = YES;
				CLANG_WARN_DEPRECATED_OBJC_IMPLEMENTATIONS = YES;
				CLANG_WARN_DIRECT_OBJC_ISA_USAGE = YES_ERROR;
				CLANG_WARN_DOCUMENTATION_COMMENTS = YES;
				CLANG_WARN_EMPTY_BODY = YES;
				CLANG_WARN_ENUM_CONVERSION = YES;
				CLANG_WARN_INFINITE_RECURSION = YES;
				CLANG_WARN_INT_CONVERSION = YES;
				CLANG_WARN_NON_LITERAL_NULL_CONVERSION = YES;
				CLANG_WARN_OBJC_IMPLICIT_RETAIN_SELF = YES;
				CLANG_WARN_OBJC_LITERAL_CONVERSION = YES;
				CLANG_WARN_OBJC_ROOT_CLASS = YES_ERROR;
				CLANG_WARN_QUOTED_INCLUDE_IN_FRAMEWORK_HEADER = YES;
				CLANG_WARN_RANGE_LOOP_ANALYSIS = YES;
				CLANG_WARN_STRICT_PROTOTYPES = YES;
				CLANG_WARN_SUSPICIOUS_MOVE = YES;
				CLANG_WARN_UNGUARDED_AVAILABILITY = YES_AGGRESSIVE;
				CLANG_WARN_UNREACHABLE_CODE = YES;
				CLANG_WARN__DUPLICATE_METHOD_MATCH = YES;
				COPY_PHASE_STRIP = NO;
				DEBUG_INFORMATION_FORMAT = "dwarf-with-dsym";
				ENABLE_NS_ASSERTIONS = NO;
				ENABLE_STRICT_OBJC_MSGSEND = YES;
				GCC_C_LANGUAGE_STANDARD = gnu11;
				GCC_NO_COMMON_BLOCKS = YES;
				GCC_WARN_64_TO_32_BIT_CONVERSION = YES;
				GCC_WARN_ABOUT_RETURN_TYPE = YES_ERROR;
				GCC_WARN_UNDECLARED_SELECTOR = YES;
				GCC_WARN_UNINITIALIZED_AUTOS = YES_AGGRESSIVE;
				GCC_WARN_UNUSED_FUNCTION = YES;
				GCC_WARN_UNUSED_VARIABLE = YES;
				IPHONEOS_DEPLOYMENT_TARGET = 14.4;
				MTL_ENABLE_DEBUG_INFO = NO;
				MTL_FAST_MATH = YES;
				SDKROOT = iphoneos;
				SWIFT_COMPILATION_MODE = wholemodule;
				SWIFT_OPTIMIZATION_LEVEL = "-O";
				VALIDATE_PRODUCT = YES;
			};
			name = Release;
		};
		D0792C5F25E5234B00E5102C /* Debug */ = {
			isa = XCBuildConfiguration;
			baseConfigurationReference = 4E1D6874315813DC65A94ACC /* Pods-Crypto-T.debug.xcconfig */;
			buildSettings = {
				ASSETCATALOG_COMPILER_APPICON_NAME = AppIcon;
				ASSETCATALOG_COMPILER_GLOBAL_ACCENT_COLOR_NAME = AccentColor;
				CODE_SIGN_STYLE = Automatic;
				DEVELOPMENT_ASSET_PATHS = "\"Crypto-T/Preview Content\"";
				DEVELOPMENT_TEAM = 2RFRHVPMQL;
				ENABLE_PREVIEWS = YES;
				INFOPLIST_FILE = "Crypto-T/Info.plist";
				IPHONEOS_DEPLOYMENT_TARGET = 14.0;
				LD_RUNPATH_SEARCH_PATHS = (
					"$(inherited)",
					"@executable_path/Frameworks",
				);
				PRODUCT_BUNDLE_IDENTIFIER = "com.xcnk.crypto-t";
				PRODUCT_NAME = "$(TARGET_NAME)";
				SWIFT_VERSION = 5.0;
				TARGETED_DEVICE_FAMILY = 1;
			};
			name = Debug;
		};
		D0792C6025E5234B00E5102C /* Release */ = {
			isa = XCBuildConfiguration;
			baseConfigurationReference = 35BC58E3D493C238B5D539C0 /* Pods-Crypto-T.release.xcconfig */;
			buildSettings = {
				ASSETCATALOG_COMPILER_APPICON_NAME = AppIcon;
				ASSETCATALOG_COMPILER_GLOBAL_ACCENT_COLOR_NAME = AccentColor;
				CODE_SIGN_STYLE = Automatic;
				DEVELOPMENT_ASSET_PATHS = "\"Crypto-T/Preview Content\"";
				DEVELOPMENT_TEAM = 2RFRHVPMQL;
				ENABLE_PREVIEWS = YES;
				INFOPLIST_FILE = "Crypto-T/Info.plist";
				IPHONEOS_DEPLOYMENT_TARGET = 14.0;
				LD_RUNPATH_SEARCH_PATHS = (
					"$(inherited)",
					"@executable_path/Frameworks",
				);
				PRODUCT_BUNDLE_IDENTIFIER = "com.xcnk.crypto-t";
				PRODUCT_NAME = "$(TARGET_NAME)";
				SWIFT_VERSION = 5.0;
				TARGETED_DEVICE_FAMILY = 1;
			};
			name = Release;
		};
/* End XCBuildConfiguration section */

/* Begin XCConfigurationList section */
		D0792C4A25E5234A00E5102C /* Build configuration list for PBXProject "Crypto-T" */ = {
			isa = XCConfigurationList;
			buildConfigurations = (
				D0792C5C25E5234B00E5102C /* Debug */,
				D0792C5D25E5234B00E5102C /* Release */,
			);
			defaultConfigurationIsVisible = 0;
			defaultConfigurationName = Release;
		};
		D0792C5E25E5234B00E5102C /* Build configuration list for PBXNativeTarget "Crypto-T" */ = {
			isa = XCConfigurationList;
			buildConfigurations = (
				D0792C5F25E5234B00E5102C /* Debug */,
				D0792C6025E5234B00E5102C /* Release */,
			);
			defaultConfigurationIsVisible = 0;
			defaultConfigurationName = Release;
		};
/* End XCConfigurationList section */
	};
	rootObject = D0792C4725E5234A00E5102C /* Project object */;
}
